
Microsoft Visual Studio Solution File, Format Version 12.00
# Visual Studio Version 17
VisualStudioVersion = 17.11.35303.130
MinimumVisualStudioVersion = 10.0.40219.1
Project("{FAE04EC0-301F-11D3-BF4B-00C04F79EFBC}") = "emailBestand", "emailBestand\emailBestand.csproj", "{A998986C-145F-444D-A4AD-CC65BC850202}"
EndProject
Global
	GlobalSection(SolutionConfigurationPlatforms) = preSolution
		Debug|Any CPU = Debug|Any CPU
		Release|Any CPU = Release|Any CPU
	EndGlobalSection
	GlobalSection(ProjectConfigurationPlatforms) = postSolution
		{A998986C-145F-444D-A4AD-CC65BC850202}.Debug|Any CPU.ActiveCfg = Debug|Any CPU
		{A998986C-145F-444D-A4AD-CC65BC850202}.Debug|Any CPU.Build.0 = Debug|Any CPU
		{A998986C-145F-444D-A4AD-CC65BC850202}.Release|Any CPU.ActiveCfg = Release|Any CPU
		{A998986C-145F-444D-A4AD-CC65BC850202}.Release|Any CPU.Build.0 = Release|Any CPU
	EndGlobalSection
	GlobalSection(SolutionProperties) = preSolution
		HideSolutionNode = FALSE
	EndGlobalSection
	GlobalSection(ExtensibilityGlobals) = postSolution
		SolutionGuid = {36B1E5FD-2F33-4812-89E1-766F8086C393}
	EndGlobalSection
EndGlobal
